# This file is automatically @generated by Cargo.
# It is not intended for manual editing.
version = 4

[[package]]
name = "ocelli-cache"
version = "0.1.0"

[[package]]
name = "ocelli-codec"
version = "0.1.0"

[[package]]
name = "ocelli-compute"
version = "0.1.0"

[[package]]
name = "ocelli-core"
version = "0.1.0"

[[package]]
name = "ocelli-dicom"
version = "0.1.0"

[[package]]
name = "ocelli-geom"
version = "0.1.0"

[[package]]
name = "ocelli-native"
version = "0.1.0"

[[package]]
name = "ocelli-oracle"
version = "0.1.0"

[[package]]
name = "ocelli-pixel"
version = "0.1.0"

[[package]]
name = "ocelli-render"
version = "0.1.0"

[[package]]
name = "ocelli-seg"
version = "0.1.0"

[[package]]
name = "ocelli-viewport"
version = "0.1.0"

[[package]]
name = "ocelli-volume"
version = "0.1.0"

[[package]]
name = "ocelli-wasm"
version = "0.1.0"
