version = 1
revision = 3
requires-python = ">=3.12"

[[package]]
name = "et-xmlfile"
version = "2.0.0"
source = { registry = "https://pypi.org/simple" }
sdist = { url = "https://files.pythonhosted.org/packages/d3/38/af70d7ab1ae9d4da450eeec1fa3918940a5fafb9055e934af8d6eb0c2313/et_xmlfile-2.0.0.tar.gz", hash = "sha256:dab3f4764309081ce75662649be815c4c9081e88f0837825f90fd28317d4da54", size = 17234, upload-time = "2024-10-25T17:25:40.039Z" }
wheels = [
    { url = "https://files.pythonhosted.org/packages/c1/8b/5fe2cc11fee489817272089c4203e679c63b570a5aaeb18d852ae3cbba6a/et_xmlfile-2.0.0-py3-none-any.whl", hash = "sha256:7a91720bc756843502c3b7504c77b8fe44217c85c537d85037f0f536151b2caa", size = 18059, upload-time = "2024-10-25T17:25:39.051Z" },
]

[[package]]
name = "numpy"
version = "2.5.2"
source = { registry = "https://pypi.org/simple" }
sdist = { url = "https://files.pythonhosted.org/packages/9a/80/db0b4559e57ec36362bedbb05530a87fafbcb6067708c946967a41d449e7/numpy-2.5.2.tar.gz", hash = "sha256:d482d171c406ae88c5b19cad3b6a1c4c5209f886ab74bc44c2c865c23f52d860", size = 20773161, upload-time = "2026-08-09T13:48:27.962Z" }
wheels = [
    { url = "https://files.pythonhosted.org/packages/69/72/dccb0aaf40972777283303919f613964227266d0c13adebb79ac124f1c3e/numpy-2.5.2-cp312-cp312-macosx_10_13_x86_64.whl", hash = "sha256:14e373cfc6387177e8409dac3c7159be8eb05cd77096cd7c950268b86f62831c", size = 16891693, upload-time = "2026-08-09T13:44:51.702Z" },
    { url = "https://files.pythonhosted.org/packages/60/2e/b5aee50a1f74ac815cf8331812cb8251e29024025de462e0c047641c614c/numpy-2.5.2-cp312-cp312-macosx_11_0_arm64.whl", hash = "sha256:4bbd96c833ecc8cc069ce518078fc8c60cb9cbfb0fea5b7a803ad65035596d03", size = 11903109, upload-time = "2026-08-09T13:44:55.501Z" },
    { url = "https://files.pythonhosted.org/packages/f3/f4/29e78102a80601cf034d4e9767022cffeca2c3b4c926e1754572ca95593d/numpy-2.5.2-cp312-cp312-macosx_14_0_arm64.whl", hash = "sha256:6e8172ddfcf5cf74b811d372b570b83c60bd2de87a6fbfbebdadb4a9bd9c6cbb", size = 5350202, upload-time = "2026-08-09T13:44:58.401Z" },
    { url = "https://files.pythonhosted.org/packages/11/4b/dcd3b7eadaf4035d2c7a4289d232523a6964f602598ef7674e4bd7291f93/numpy-2.5.2-cp312-cp312-macosx_14_0_x86_64.whl", hash = "sha256:65f188481f1669e26f62b701e8205d19e460fa4a9b52a1414ba382330e4a3414", size = 6687736, upload-time = "2026-08-09T13:45:00.813Z" },
    { url = "https://files.pythonhosted.org/packages/e5/21/4947e0e9d6c9fc2e2ff15b8949049ee44f63adb9cacc729ab8793f97e712/numpy-2.5.2-cp312-cp312-manylinux_2_27_aarch64.manylinux_2_28_aarch64.whl", hash = "sha256:8ee9c4eeb8454b3660a8b53493563c3e121c2fc94fbd72b848ef814ed7b676a9", size = 15612696, upload-time = "2026-08-09T13:45:04.151Z" },
    { url = "https://files.pythonhosted.org/packages/3a/5f/62d28cf019460c7f1394105b4d49d9911a9c444cb77ab0bd95a204c5a6de/numpy-2.5.2-cp312-cp312-manylinux_2_27_x86_64.manylinux_2_28_x86_64.whl", hash = "sha256:3cdec01fa790a186d430433fdd4d4ffb70eed6f0eeb4bf05c8dbe2dce0a9bcb8", size = 16722264, upload-time = "2026-08-09T13:45:07.714Z" },
    { url = "https://files.pythonhosted.org/packages/14/25/3f0be4c1b9fdf5dd5e708a6806978564d7c46a055c000496309ff2a2f8af/numpy-2.5.2-cp312-cp312-musllinux_1_2_aarch64.whl", hash = "sha256:7999d4ddb0c4025018373fd787510d46e04c769467af22869707b3c1cfd459ab", size = 16974396, upload-time = "2026-08-09T13:45:11.316Z" },
    { url = "https://files.pythonhosted.org/packages/22/72/6262cbdeeb45da9d971e40715f579d791603ba8ec0b5e2db1ac55454421d/numpy-2.5.2-cp312-cp312-musllinux_1_2_x86_64.whl", hash = "sha256:c1f017dc0875c9209d219f97feceb7d54c2661bb243deb4114478e1295808af7", size = 18476044, upload-time = "2026-08-09T13:45:14.869Z" },
    { url = "https://files.pythonhosted.org/packages/36/33/29208b8b075bde62d26a81d14b358c42b0f69b6cabd98d4ff97f37f22b05/numpy-2.5.2-cp312-cp312-win32.whl", hash = "sha256:d6a48072864e3324e194a8fbb3c657bcc5b5c869dbc64c9537b1d5c862572c0a", size = 6072817, upload-time = "2026-08-09T13:45:17.867Z" },
    { url = "https://files.pythonhosted.org/packages/7f/b9/87fea2769fe1c47c1b5b01d8310772c9d1a85d485de7cf386ef7a3332b02/numpy-2.5.2-cp312-cp312-win_amd64.whl", hash = "sha256:28ac63476ec7651484215ee7fa15a1f78b57c14621f01e392afe17b9a1390ce4", size = 12464674, upload-time = "2026-08-09T13:45:20.734Z" },
    { url = "https://files.pythonhosted.org/packages/14/52/032b97e00461ab0809bbe4c588b035620e5a14b8cdee47ecddefc7b17d33/numpy-2.5.2-cp312-cp312-win_arm64.whl", hash = "sha256:27650bb0e7140fa3d37b9923b4803645e0b125d190f326eecfd3f4dad8e8ade1", size = 10397131, upload-time = "2026-08-09T13:45:23.73Z" },
    { url = "https://files.pythonhosted.org/packages/f5/d2/6b24738a0ef4557d189b150046cd07823c50e4273e8aebd651222e24306f/numpy-2.5.2-cp313-cp313-macosx_10_13_x86_64.whl", hash = "sha256:8e4cb9a754c8a0c62eaa88273a5fba3391f4a610d1dee893c0755da31c083f15", size = 16886595, upload-time = "2026-08-09T13:45:27.323Z" },
    { url = "https://files.pythonhosted.org/packages/65/60/f2d208d366f263f39c6e69ed309290717aab41078b6d04c9be2a84fa2a07/numpy-2.5.2-cp313-cp313-macosx_11_0_arm64.whl", hash = "sha256:52c808f96484f5571a5cc863775ce50247c17dfb3b0361f8ed6b4b0456f80080", size = 11896845, upload-time = "2026-08-09T13:45:31.638Z" },
    { url = "https://files.pythonhosted.org/packages/3c/79/81e0bf24f4d020a2b1d5cd297a9f60c3f24eeb116f9bba5870443f7b6a4a/numpy-2.5.2-cp313-cp313-macosx_14_0_arm64.whl", hash = "sha256:29d81e97f668489cba8ebfd796b9bdd453525d35dd9e162e2daec94bf3fc7740", size = 5343880, upload-time = "2026-08-09T13:45:34.373Z" },
    { url = "https://files.pythonhosted.org/packages/ba/cc/e3141cf06d1a8a2c7e107543fe1269c1d1af760d4d683c0794a4ee1127c2/numpy-2.5.2-cp313-cp313-macosx_14_0_x86_64.whl", hash = "sha256:afb3f0632d6b2e3ba04dbce8d1e48d321b369138b73830b5ca371a0e8d479d56", size = 6682264, upload-time = "2026-08-09T13:45:36.7Z" },
    { url = "https://files.pythonhosted.org/packages/29/f1/2a64a307d92c5d98f5255a4014eb43bb6103ee477087b61ecae44a3aa9b9/numpy-2.5.2-cp313-cp313-manylinux_2_27_aarch64.manylinux_2_28_aarch64.whl", hash = "sha256:0aadf13b60048d501e05fa699efaf7734e2494f3498a4c2a5521d822640324f3", size = 15609566, upload-time = "2026-08-09T13:45:39.518Z" },
    { url = "https://files.pythonhosted.org/packages/7b/44/59a1eb68e773c4098d107ef34a0dbdeca501d72ffcfbff9a7707343921ce/numpy-2.5.2-cp313-cp313-manylinux_2_27_x86_64.manylinux_2_28_x86_64.whl", hash = "sha256:29b86ff8a6cc556b47ec6b64b194815cc80e6bf5eedcc6cddfd65318cb0b4eee", size = 16709995, upload-time = "2026-08-09T13:45:43.661Z" },
    { url = "https://files.pythonhosted.org/packages/8a/4c/3e54d4ddbc359a1295f8b633e8106bcd4d7d4a206e82df051bdfb3058755/numpy-2.5.2-cp313-cp313-musllinux_1_2_aarch64.whl", hash = "sha256:6950c4b7dd562453090548ba7f5da7e59f57f85663f15d5dcc60e249192f7e59", size = 16972511, upload-time = "2026-08-09T13:45:47.094Z" },
    { url = "https://files.pythonhosted.org/packages/f2/9f/02e371638ebf19b66d46231e4be52999e87f32d1961b113bc45656608b22/numpy-2.5.2-cp313-cp313-musllinux_1_2_x86_64.whl", hash = "sha256:b9727f472d2f3888053b8a75ab0cb94745a9de224bb5846dbadc0092101bc71d", size = 18465609, upload-time = "2026-08-09T13:45:50.808Z" },
    { url = "https://files.pythonhosted.org/packages/eb/ae/ad6645abc7a3510fe48e8ea1ab4598166f500057ef4ebf38bfad4f1577de/numpy-2.5.2-cp313-cp313-win32.whl", hash = "sha256:4f9744f9fbdcea0bc552e8f19e1f141f811a3f9bc2be2cc6e86d982cab23e3f4", size = 6070204, upload-time = "2026-08-09T13:45:54.111Z" },
    { url = "https://files.pythonhosted.org/packages/15/20/f3489f86d81ea460b2bcdceaed094142ca6579f6be0ec527b781d39afe68/numpy-2.5.2-cp313-cp313-win_amd64.whl", hash = "sha256:85aaccb24182c25df891ad0ec333585967e115269d5f1b17f2c9ae005bc96657", size = 12460532, upload-time = "2026-08-09T13:45:57.167Z" },
    { url = "https://files.pythonhosted.org/packages/d5/21/35b31dde1b283b79de828b80f876afd8c94e28fe1e9c375f89e261cc4c0d/numpy-2.5.2-cp313-cp313-win_arm64.whl", hash = "sha256:bd68ece1553d2023c09a4226d9e41c586ad2d20594d1a456186c33513d2cb3f2", size = 10396725, upload-time = "2026-08-09T13:46:00.478Z" },
    { url = "https://files.pythonhosted.org/packages/ac/f8/c3b222bf075b50afd8e949a07a15c4b312a4a84bd8102a332bcd953cbbb4/numpy-2.5.2-cp314-cp314-macosx_10_15_x86_64.whl", hash = "sha256:d787cf769c3baeb5f6235e778edb52c08dfa923789b5958f28e6450f96107cb1", size = 16885180, upload-time = "2026-08-09T13:46:03.939Z" },
    { url = "https://files.pythonhosted.org/packages/17/e1/2c1d4b1987795a92b5bbf7c24fe249ab96aa2573ab0d7604802c189d7b86/numpy-2.5.2-cp314-cp314-macosx_11_0_arm64.whl", hash = "sha256:24b9dc2e3d84aa58523798805194e23e736f3f6ce2d1a5b92583ae734e6dbda8", size = 11907878, upload-time = "2026-08-09T13:46:07.045Z" },
    { url = "https://files.pythonhosted.org/packages/b9/ee/d08226fc858044355983a6e5b94f08ff6f3969e0a2b160a4a89f0ddb3445/numpy-2.5.2-cp314-cp314-macosx_14_0_arm64.whl", hash = "sha256:9e9413326d726c2545bfa65d2c0876871e8d8386e77f992c1d426e180bbd4323", size = 5354922, upload-time = "2026-08-09T13:46:10.04Z" },
    { url = "https://files.pythonhosted.org/packages/94/f0/6d3d933056440ebbc5e6bad92065fc6c26a48a84a36b1208580e94eea76c/numpy-2.5.2-cp314-cp314-macosx_14_0_x86_64.whl", hash = "sha256:60e902ac295855348a5ca2ea4c89108989a9f5fddfad3dfc0a8f36b10358567e", size = 6679168, upload-time = "2026-08-09T13:46:12.275Z" },
    { url = "https://files.pythonhosted.org/packages/c4/3b/ecd49dd90033cceb2704d88ca905d4d7d89b0e8c739608754ffd325fa820/numpy-2.5.2-cp314-cp314-manylinux_2_27_aarch64.manylinux_2_28_aarch64.whl", hash = "sha256:50e500dc868e9313530ce12ba470fe50ff3afe3d62993ed6eff652dacd555b65", size = 15624501, upload-time = "2026-08-09T13:46:15.322Z" },
    { url = "https://files.pythonhosted.org/packages/c7/99/461bd36dbdfac6c1c53efa370bd55a83227542d0d118f1677dbf1a3dacd5/numpy-2.5.2-cp314-cp314-manylinux_2_27_x86_64.manylinux_2_28_x86_64.whl", hash = "sha256:318b9a4c845dbea06708a29c84ee429cc3065048db34cdb799047643492050ee", size = 16713701, upload-time = "2026-08-09T13:46:18.949Z" },
    { url = "https://files.pythonhosted.org/packages/f9/9c/2b251df9e8a5d647b62b0cbc1b90a91850c1cf4859ecb532fd0b4eacff6c/numpy-2.5.2-cp314-cp314-musllinux_1_2_aarch64.whl", hash = "sha256:34c319e2963be042673fb46570501b2f06c41924e17e3563d58646b4380dfb68", size = 16986065, upload-time = "2026-08-09T13:46:23.006Z" },
    { url = "https://files.pythonhosted.org/packages/8f/25/20de43f53ff1390534a124475055a19f01fe10c920a0fd11b8e18d6d6052/numpy-2.5.2-cp314-cp314-musllinux_1_2_x86_64.whl", hash = "sha256:f06571a052127dc1b4e8b83029b4d1b20daa2b64a31cdd181fc6bc774e9000eb", size = 18470031, upload-time = "2026-08-09T13:46:27.102Z" },
    { url = "https://files.pythonhosted.org/packages/56/5e/0c577ca308d6da5eb79b546ba10bbe5b60148192194e2da060913b1de4f1/numpy-2.5.2-cp314-cp314-win32.whl", hash = "sha256:2cc779226e476d1e1f08c74068c419e60f41a9e0e069c92f6671d31d5c985e98", size = 6121028, upload-time = "2026-08-09T13:46:30.046Z" },
    { url = "https://files.pythonhosted.org/packages/15/5c/7bcbd5b11f94199073320410cddcbb80cee62415bfeb540874b265c2d922/numpy-2.5.2-cp314-cp314-win_amd64.whl", hash = "sha256:7587f53dfbd5edc0f7b87c6217b4c6d2d1f2ef9c3da70bc1315e7db5f8d7ec9d", size = 12597627, upload-time = "2026-08-09T13:46:32.886Z" },
    { url = "https://files.pythonhosted.org/packages/87/bc/4d0b06fba0da90ccc75af62823cb9dcedb6c9ea0cffa058cb2c9ee773a77/numpy-2.5.2-cp314-cp314-win_arm64.whl", hash = "sha256:3e4c367352d3747784248a227fbec218e193b56f7e6692e3b64fc805478ecfdf", size = 10680414, upload-time = "2026-08-09T13:46:36.036Z" },
    { url = "https://files.pythonhosted.org/packages/cd/17/f429aac9dc08833a0d0f188eba38c532a751b1a1f2ca6018a37b455cb321/numpy-2.5.2-cp314-cp314t-macosx_11_0_arm64.whl", hash = "sha256:b879fb674276e331513fb136b78dbc6bd3c848309e0d841cfd63be3896c4cfc1", size = 12026967, upload-time = "2026-08-09T13:46:39.084Z" },
    { url = "https://files.pythonhosted.org/packages/ca/9f/d0849de96a2a4ceaa16662f18ee13eaa9c0aa418269fdc8c4857c56b11da/numpy-2.5.2-cp314-cp314t-macosx_14_0_arm64.whl", hash = "sha256:fd0d703772bba096843785bd38371e31bb4a0c1151497ad5739d182114a73f7f", size = 5473874, upload-time = "2026-08-09T13:46:42.075Z" },
    { url = "https://files.pythonhosted.org/packages/89/3c/8df216d4a4a5422a3de045301cf7df8ea47286d76f5cb7160b0128ac26b7/numpy-2.5.2-cp314-cp314t-macosx_14_0_x86_64.whl", hash = "sha256:3a2f061cebd9e3d23bdcfaaded5e2293a4c6a5b60fa42df85d410a725ce621bf", size = 6789276, upload-time = "2026-08-09T13:46:44.387Z" },
    { url = "https://files.pythonhosted.org/packages/e6/3a/20d7e9891c4ddfadd6ff8d95bf4b29f353d8e1770553de2099880551dfb9/numpy-2.5.2-cp314-cp314t-manylinux_2_27_aarch64.manylinux_2_28_aarch64.whl", hash = "sha256:6df895598c0edcb41030126c89e0f353b07d93238116143b7405e937359736c4", size = 15659154, upload-time = "2026-08-09T13:46:47.538Z" },
    { url = "https://files.pythonhosted.org/packages/aa/d6/f3aa3d2688bf501b858835c6bd087ae9b51a56ae6fca8e2b0990abd177af/numpy-2.5.2-cp314-cp314t-manylinux_2_27_x86_64.manylinux_2_28_x86_64.whl", hash = "sha256:1ab3d4a901f844ea836c3e80bf463c6a27d7f3c14e8e292fcf28d348b25b9bce", size = 16748909, upload-time = "2026-08-09T13:46:51.442Z" },
    { url = "https://files.pythonhosted.org/packages/7d/8f/1c5cae8d2baf86ab802ae97a00be55bc7e21ebc11b12bbc33376c5f05342/numpy-2.5.2-cp314-cp314t-musllinux_1_2_aarch64.whl", hash = "sha256:cebc2d6dbb605a7703d59751dea4bd6b0ab127a5a4338a6f432df1936fef8b26", size = 17027685, upload-time = "2026-08-09T13:46:55.095Z" },
    { url = "https://files.pythonhosted.org/packages/5c/27/71d3467404aedc1c24ce79610f91b52b0b0f466c43a701aa56fc75c145ab/numpy-2.5.2-cp314-cp314t-musllinux_1_2_x86_64.whl", hash = "sha256:eaca7ff36f0f52e2111ec71f169d8fd3e889e7ddc0d2592e0d703fd8d3ce8fac", size = 18501181, upload-time = "2026-08-09T13:46:59.09Z" },
    { url = "https://files.pythonhosted.org/packages/14/2f/42921d27c40aea7e077f4a423ae509fd9220b028cd787bafefd8ab2b3a5f/numpy-2.5.2-cp314-cp314t-win32.whl", hash = "sha256:ddf47472af2e4280d79bac82304f5e80150211f1b9e614b760061d5fdfbb6eba", size = 6271085, upload-time = "2026-08-09T13:47:01.903Z" },
    { url = "https://files.pythonhosted.org/packages/75/e6/bad5f5d56de9b1971bac959963dda276d35c40f1854475005434bbe08692/numpy-2.5.2-cp314-cp314t-win_amd64.whl", hash = "sha256:44ef9675d908e65f9953063837c3277730f3f4437615a4cdab67b366cabaf884", size = 12787971, upload-time = "2026-08-09T13:47:04.963Z" },
    { url = "https://files.pythonhosted.org/packages/df/05/f608795cb34391acd67e38d94a3c36abd8d8576293a3a80727d7595c372c/numpy-2.5.2-cp314-cp314t-win_arm64.whl", hash = "sha256:eaa088384c46f519dacb93b7ec483a6d6b19a4a2085ae4f25ab9b1c43d387d1e", size = 10750306, upload-time = "2026-08-09T13:47:07.976Z" },
    { url = "https://files.pythonhosted.org/packages/33/c6/28de0191c5f82b7d42a0a51390ba98587048aa93a39fafb05bdbe6e8d00c/numpy-2.5.2-cp315-cp315-macosx_10_15_x86_64.whl", hash = "sha256:078f9b027b478c9379b9677babbf0f8b8f1ecfada27636d7b9a93990c638739f", size = 16885274, upload-time = "2026-08-09T13:47:11.439Z" },
    { url = "https://files.pythonhosted.org/packages/dd/d1/973ca116000d244897e468ea1aff30b589e5022e3c8744b71706fe33bd57/numpy-2.5.2-cp315-cp315-macosx_11_0_arm64.whl", hash = "sha256:50a68f4bacd8a2b33d8da3d2269d0d78500f86ea582e4786dc10f5ef2c2c6842", size = 11907846, upload-time = "2026-08-09T13:47:15.128Z" },
    { url = "https://files.pythonhosted.org/packages/78/d9/8c4b3937ef204cb2fd88d389ccd0f265a2ffb11f35a01d2064cf46714bd6/numpy-2.5.2-cp315-cp315-macosx_14_0_arm64.whl", hash = "sha256:e79aba74ffaf5f78a050d777c184cddf8fdffabab38acf5f3ef1fecbc17895d6", size = 5354892, upload-time = "2026-08-09T13:47:18.07Z" },
    { url = "https://files.pythonhosted.org/packages/74/9b/b6ee65ea2999fdb7023935e108e6fb776ee4082aa15f159acfa857e578c8/numpy-2.5.2-cp315-cp315-macosx_14_0_x86_64.whl", hash = "sha256:9a0731745a72a184490a582fb4af2533512bd071ace67785b5fdffc0ae58dce8", size = 6679309, upload-time = "2026-08-09T13:47:20.456Z" },
    { url = "https://files.pythonhosted.org/packages/43/f3/acb18d8b137a393c8e7803a8c994c9e64bde3930692a69d826993113a159/numpy-2.5.2-cp315-cp315-manylinux_2_27_aarch64.manylinux_2_28_aarch64.whl", hash = "sha256:4ec954036759bcee3aa484f8603bd9c14f3e776293b85578b8734c2d72777c69", size = 15625850, upload-time = "2026-08-09T13:47:24.365Z" },
    { url = "https://files.pythonhosted.org/packages/a9/bf/a8e9bb0db815a0e265b5744ebedd3af0bd5faad8604e5b50a1cd012f3c91/numpy-2.5.2-cp315-cp315-manylinux_2_27_x86_64.manylinux_2_28_x86_64.whl", hash = "sha256:dc649493697006bc90614a5f0bbc8cb3cb1866715c474e473694968d7e6b99ab", size = 16713664, upload-time = "2026-08-09T13:47:27.965Z" },
    { url = "https://files.pythonhosted.org/packages/0c/c3/6e913736b3dd6582344af32418b5fb9dab34282e8a8174ae1d54ceb0fc13/numpy-2.5.2-cp315-cp315-musllinux_1_2_aarch64.whl", hash = "sha256:cf7de32f486e4ac9e2d93b810f9e9ac72a728dd46a32a0bb403222f27f653514", size = 16986749, upload-time = "2026-08-09T13:47:31.541Z" },
    { url = "https://files.pythonhosted.org/packages/80/09/7d3b23eff5c7428ef6c01e6f7052bb60d504c4d33e317b36b8959c24ad97/numpy-2.5.2-cp315-cp315-musllinux_1_2_x86_64.whl", hash = "sha256:2ffa7bacab3e2ee1b19ed31766bb60bb380b68c23f051e199c5cc598afd68710", size = 18470495, upload-time = "2026-08-09T13:47:35.364Z" },
    { url = "https://files.pythonhosted.org/packages/a5/a4/68a321d825374f6eb677ffe8ef8c6b9a328304e6fd2e39d9530822776607/numpy-2.5.2-cp315-cp315-win32.whl", hash = "sha256:6b588cc8f902d6bff201c19fd00c43ab8545671e3554d014e12e14139e5e8617", size = 6120696, upload-time = "2026-08-09T13:47:38.561Z" },
    { url = "https://files.pythonhosted.org/packages/c8/23/deafbb1700f79fae9cd1e91220f133d124cc267de1b584da3fbf6db2f6cd/numpy-2.5.2-cp315-cp315-win_amd64.whl", hash = "sha256:07d4e89f3a9ab0a9ba24264ccdb642b3dd951b2281e8883a5481a4aa79cc31a7", size = 12597324, upload-time = "2026-08-09T13:47:41.401Z" },
    { url = "https://files.pythonhosted.org/packages/33/cd/3272ba105e3bbbdaeb11357eda31e7a6825ffe159e8171665660299a948f/numpy-2.5.2-cp315-cp315-win_arm64.whl", hash = "sha256:a610dc7e3c52edd39c2bc2375ff9c3fd59cb3ad00e4472d36f83bc1457145788", size = 10680466, upload-time = "2026-08-09T13:47:44.873Z" },
    { url = "https://files.pythonhosted.org/packages/0e/0e/58370637b1bb70a5c9ce2b43f4b521ccb224e36ccb76a6596b17ae4b447c/numpy-2.5.2-cp315-cp315t-macosx_10_15_x86_64.whl", hash = "sha256:40f4d451aed46a8046a1aae41c4e55fb3612273df9c502480135e1501576a34b", size = 16993947, upload-time = "2026-08-09T13:47:48.97Z" },
    { url = "https://files.pythonhosted.org/packages/10/93/2abcb807712b289d6d60fe4cf30532f98974a8396d885650f3ba5a13026e/numpy-2.5.2-cp315-cp315t-macosx_11_0_arm64.whl", hash = "sha256:c081cbe16ba1ab53078e5ff29013621e33c509eedab055775d956427712c236e", size = 12025331, upload-time = "2026-08-09T13:47:52.646Z" },
    { url = "https://files.pythonhosted.org/packages/8b/3a/2898e003a5fbaf87e76c039b4ee1f5eb390471b4ffe74887c1f34c4e791e/numpy-2.5.2-cp315-cp315t-macosx_14_0_arm64.whl", hash = "sha256:0090ccdd57ec2703e9b49d0bf554767370581c1dd0a6b2bb2b2d9def317d042a", size = 5472336, upload-time = "2026-08-09T13:47:55.403Z" },
    { url = "https://files.pythonhosted.org/packages/61/a5/23f69d07c544597b29758b31b55c27dc9d541012a2c1496189fef702aec2/numpy-2.5.2-cp315-cp315t-macosx_14_0_x86_64.whl", hash = "sha256:6a9bb119fb8dd21ba30b3f0e555b7e2b081bd9883af21ec9c1c633d161cda3a8", size = 6788387, upload-time = "2026-08-09T13:47:58.192Z" },
    { url = "https://files.pythonhosted.org/packages/15/ea/c0dbdbcf22f43782510a3e492dd3da73c6112b69cac8929d16d127536fc4/numpy-2.5.2-cp315-cp315t-manylinux_2_27_aarch64.manylinux_2_28_aarch64.whl", hash = "sha256:a839318485284a6fb31be4f8f2c91c8f2cb22f4543c4a8903f12b0671ffe07cc", size = 15667096, upload-time = "2026-08-09T13:48:01.562Z" },
    { url = "https://files.pythonhosted.org/packages/fc/5e/29c73c31748cdb0f7566642125ba17fd5b56780cddf891b085dab27e4466/numpy-2.5.2-cp315-cp315t-manylinux_2_27_x86_64.manylinux_2_28_x86_64.whl", hash = "sha256:ba0a474801b8dc67b66bf465548abc90e82b44d2611b5770f33008dcabffe8ec", size = 16751730, upload-time = "2026-08-09T13:48:05.706Z" },
    { url = "https://files.pythonhosted.org/packages/47/95/02501e8454796bb58dadf7a99d3181e0b464bf264e1003039572f9779fac/numpy-2.5.2-cp315-cp315t-musllinux_1_2_aarch64.whl", hash = "sha256:0a4035ae1129ff8777f08bfbd44f1e5d8e9c049ce0c2dd78fc0d92c13e7251c0", size = 17038686, upload-time = "2026-08-09T13:48:09.627Z" },
    { url = "https://files.pythonhosted.org/packages/0e/b5/53a681d91b5c82687067d8ea5035e02d917b5509d6f334cb06484a954714/numpy-2.5.2-cp315-cp315t-musllinux_1_2_x86_64.whl", hash = "sha256:77843ca236b777e67f8d6b3660ea116e499612703a0ecd7093f316201eb9d8e2", size = 18507727, upload-time = "2026-08-09T13:48:13.744Z" },
    { url = "https://files.pythonhosted.org/packages/42/06/6e11443f7b64ee376c860506091103bf68f92d2cab9e8d96d4501babf07c/numpy-2.5.2-cp315-cp315t-win32.whl", hash = "sha256:7354826bc6f8f69402e9b7fe28d15fcd34feebd74f856f111585c5b0c9fb0251", size = 6269775, upload-time = "2026-08-09T13:48:17.543Z" },
    { url = "https://files.pythonhosted.org/packages/f1/18/195d6b86cd72dbbc501edfa778005fa6b87afd34c153e46028cd3a0938f4/numpy-2.5.2-cp315-cp315t-win_amd64.whl", hash = "sha256:e5651f3f87add730ee6608d915009e19c911fba0cb000c7e3ea994b7d768eb12", size = 12782559, upload-time = "2026-08-09T13:48:21.023Z" },
    { url = "https://files.pythonhosted.org/packages/b4/07/458c344f0f0c178f4481dad5cca790626ffe4c34eabf9467069d06ee4999/numpy-2.5.2-cp315-cp315t-win_arm64.whl", hash = "sha256:5f8e00be2ec6f45f4e8a41a527f68d44a7d96fee92a650e4d8b1326f77f61e6e", size = 10748103, upload-time = "2026-08-09T13:48:24.21Z" },
]

[[package]]
name = "ocelli-tooling"
version = "0.0.0"
source = { virtual = "." }
dependencies = [
    { name = "numpy" },
    { name = "openpyxl" },
    { name = "pydicom" },
    { name = "pyjpegls" },
    { name = "pylibjpeg" },
    { name = "pylibjpeg-libjpeg" },
    { name = "pylibjpeg-openjpeg" },
    { name = "pylibjpeg-rle" },
]

[package.metadata]
requires-dist = [
    { name = "numpy", specifier = "==2.5.2" },
    { name = "openpyxl", specifier = "==3.1.5" },
    { name = "pydicom", specifier = "==3.0.2" },
    { name = "pyjpegls", specifier = "==1.5.1" },
    { name = "pylibjpeg", specifier = "==2.1.0" },
    { name = "pylibjpeg-libjpeg", specifier = "==2.4.0" },
    { name = "pylibjpeg-openjpeg", specifier = "==2.5.0" },
    { name = "pylibjpeg-rle", specifier = "==2.2.0" },
]

[[package]]
name = "openpyxl"
version = "3.1.5"
source = { registry = "https://pypi.org/simple" }
dependencies = [
    { name = "et-xmlfile" },
]
sdist = { url = "https://files.pythonhosted.org/packages/3d/f9/88d94a75de065ea32619465d2f77b29a0469500e99012523b91cc4141cd1/openpyxl-3.1.5.tar.gz", hash = "sha256:cf0e3cf56142039133628b5acffe8ef0c12bc902d2aadd3e0fe5878dc08d1050", size = 186464, upload-time = "2024-06-28T14:03:44.161Z" }
wheels = [
    { url = "https://files.pythonhosted.org/packages/c0/da/977ded879c29cbd04de313843e76868e6e13408a94ed6b987245dc7c8506/openpyxl-3.1.5-py2.py3-none-any.whl", hash = "sha256:5282c12b107bffeef825f4617dc029afaf41d0ea60823bbb665ef3079dc79de2", size = 250910, upload-time = "2024-06-28T14:03:41.161Z" },
]

[[package]]
name = "pydicom"
version = "3.0.2"
source = { registry = "https://pypi.org/simple" }
sdist = { url = "https://files.pythonhosted.org/packages/7a/de/52aaf905f1f0ae7aba85996e2592ea2c1fe49157f3cfbcd1871965bdb51d/pydicom-3.0.2.tar.gz", hash = "sha256:5942bfc2d72c6fa4b3b5b62c527f54b7f2355f21d6f5d296df6bb30188df6a4f", size = 2886792, upload-time = "2026-03-19T21:46:20.935Z" }
wheels = [
    { url = "https://files.pythonhosted.org/packages/46/e0/60466c6d712dad2cf807df315e39863e91609ffd1064ecb835994460bbda/pydicom-3.0.2-py3-none-any.whl", hash = "sha256:abf971a5440f84dbaf42c4b6758e30e62480902584f8b270b9a5d146e278a07b", size = 2376822, upload-time = "2026-03-19T21:46:19.042Z" },
]

[[package]]
name = "pyjpegls"
version = "1.5.1"
source = { registry = "https://pypi.org/simple" }
dependencies = [
    { name = "numpy" },
]
sdist = { url = "https://files.pythonhosted.org/packages/2c/59/98f5e19752ae8ffea9b0d15b4ad3b20022d96479201b9674d4708e3293d1/pyjpegls-1.5.1.tar.gz", hash = "sha256:d0fe09dfb7f75ce78e3b1e0519912a42f1827d68bbc3609652f4f8743c956025", size = 1103288, upload-time = "2024-10-28T11:23:24.705Z" }
wheels = [
    { url = "https://files.pythonhosted.org/packages/d3/63/9e65815ea2c1b8abefda341d8fadb7d4d19c4fc9e7f3eb4bff1706a95371/pyjpegls-1.5.1-cp312-cp312-macosx_10_13_x86_64.whl", hash = "sha256:a5430dcd735bc4c0c1eb478510d73a5178a4743cbad1d72113926accdd738921", size = 1200829, upload-time = "2024-10-28T11:23:00.715Z" },
    { url = "https://files.pythonhosted.org/packages/84/5f/08760f98d1a49bee3046a2da6af4c1da339b49c8ebcbd976e36177af0c89/pyjpegls-1.5.1-cp312-cp312-macosx_11_0_arm64.whl", hash = "sha256:c3e6355a4bc9d3da46f7d4377793576b261bf60df297cea7167b3556adb98eb7", size = 1191073, upload-time = "2024-10-28T11:23:02.655Z" },
    { url = "https://files.pythonhosted.org/packages/bc/83/153aedc15c9064091b2251fba99998866e4a2c0624905b9bae1c31644e5e/pyjpegls-1.5.1-cp312-cp312-manylinux_2_17_aarch64.manylinux2014_aarch64.whl", hash = "sha256:45630167eb37990701854f882455f4611c24902a2de1d27635076c3fed4a04a7", size = 2670175, upload-time = "2024-10-28T11:23:04.726Z" },
    { url = "https://files.pythonhosted.org/packages/4d/f6/597cd0566f90b33428d6979f2967ac7ff1f7be0631e72c3a170dd966a98a/pyjpegls-1.5.1-cp312-cp312-manylinux_2_17_x86_64.manylinux2014_x86_64.whl", hash = "sha256:5e8c7257bfd1700d563c4fdc60a8794519e00da21798221d964271bc5a027a49", size = 2678115, upload-time = "2024-10-28T11:23:06.06Z" },
    { url = "https://files.pythonhosted.org/packages/50/32/b011c2c33850c8d6f7815cf30257e0e00d9fcb70e0a8052448257636bf19/pyjpegls-1.5.1-cp312-cp312-win_amd64.whl", hash = "sha256:14d7cf5e61ffdb9343a888dde5e3f9b7e527cc805c31c7f48a1e2cdb73d9d9fa", size = 1143350, upload-time = "2024-10-28T11:23:07.978Z" },
    { url = "https://files.pythonhosted.org/packages/2d/f7/c3e0e7d5067ce71930b757e61d82aef129b69e7c95ad881adae571ee49b1/pyjpegls-1.5.1-cp313-cp313-macosx_10_13_x86_64.whl", hash = "sha256:bba892f411091a0de0736f39ac8da11e667a929fbc1e474657f1291d5e303d37", size = 1200012, upload-time = "2024-10-28T11:23:09.715Z" },
    { url = "https://files.pythonhosted.org/packages/6d/91/59f22460a9f64b38bbd83de859963a4b5688f9cfac9e67c7d7a33b54373e/pyjpegls-1.5.1-cp313-cp313-macosx_11_0_arm64.whl", hash = "sha256:0080024c9e9e6be7bb0276ea54510488c28c8c9f2c0841049c64ab8b66d899f2", size = 1190156, upload-time = "2024-10-28T11:23:11.124Z" },
    { url = "https://files.pythonhosted.org/packages/f1/9d/219cd41b62aec45f8f635c0f2175abcbc6642f334d94276da852d077b0d4/pyjpegls-1.5.1-cp313-cp313-manylinux_2_17_aarch64.manylinux2014_aarch64.whl", hash = "sha256:dfecd3ea08ff2df367eb90791e3ff5288ccc0293fc13e99adc5542629a97a493", size = 2669034, upload-time = "2024-10-28T11:23:12.463Z" },
    { url = "https://files.pythonhosted.org/packages/48/db/08ce5743ca250750776bf39729d495442966a2ddb23017e61ac43567c5bf/pyjpegls-1.5.1-cp313-cp313-manylinux_2_17_x86_64.manylinux2014_x86_64.whl", hash = "sha256:fb56f056868561a1e49995bcbbe7ba8c38d56838d5c975ef5a0ff887d9189230", size = 2677947, upload-time = "2024-10-28T11:23:13.998Z" },
    { url = "https://files.pythonhosted.org/packages/d8/8a/98c33dae7a420fdd0078df7eed406748abe68eed43622258e03da9049c77/pyjpegls-1.5.1-cp313-cp313-win_amd64.whl", hash = "sha256:5812655f1fbb93bd2666ff05616bf3c7eae2474c6c4f8bf8afb6d5e5c0d6e9cf", size = 1142653, upload-time = "2024-10-28T11:23:16.023Z" },
]

[[package]]
name = "pylibjpeg"
version = "2.1.0"
source = { registry = "https://pypi.org/simple" }
dependencies = [
    { name = "numpy" },
]
sdist = { url = "https://files.pythonhosted.org/packages/1a/39/51c543a27592f3e9a92a3769d4cb1ef675488b79a90fef56af9071358b07/pylibjpeg-2.1.0.tar.gz", hash = "sha256:2decda24982394533f16f1c6a17a6242f3391b95f69fac56c6a598a6b1362105", size = 22074, upload-time = "2025-09-01T23:08:23.662Z" }
wheels = [
    { url = "https://files.pythonhosted.org/packages/3c/31/86c111e81c113e74ac1b0afde27755088b2db394579370c893d252d9615a/pylibjpeg-2.1.0-py3-none-any.whl", hash = "sha256:25df9496a69e64e98c887fddee12a1271e275b5f74ba804f9bf98a08bb80993e", size = 25472, upload-time = "2025-09-01T23:08:22.28Z" },
]

[[package]]
name = "pylibjpeg-libjpeg"
version = "2.4.0"
source = { registry = "https://pypi.org/simple" }
dependencies = [
    { name = "numpy" },
]
sdist = { url = "https://files.pythonhosted.org/packages/73/2d/50e07dc574183da13bd4ccc3f300072cc47457bb70b5ff3ba5f17f920914/pylibjpeg_libjpeg-2.4.0.tar.gz", hash = "sha256:2798ca404a8834447efefa89a03563ce93abdbe4146ea35901680f975959f501", size = 676538, upload-time = "2026-03-07T04:52:06.306Z" }
wheels = [
    { url = "https://files.pythonhosted.org/packages/5e/70/6fcf9edfda59c38469ea70c036979806832fffc73c597c159ea2db0eb615/pylibjpeg_libjpeg-2.4.0-cp312-cp312-macosx_10_13_x86_64.whl", hash = "sha256:6ea85fe3ca941085240e162d305e586992f0912ccefc2ccadf7c8378562f659d", size = 639255, upload-time = "2026-03-07T04:51:37.284Z" },
    { url = "https://files.pythonhosted.org/packages/58/66/59e8b3acae4784505e8b777be35ad80c9a03534ff3570662f3ec8a143ce2/pylibjpeg_libjpeg-2.4.0-cp312-cp312-macosx_11_0_arm64.whl", hash = "sha256:b4a242bb32f3a2e90f417724817b0baeeddf2cf62a9c909418e35bcfb6d35f26", size = 600072, upload-time = "2026-03-07T04:51:38.742Z" },
    { url = "https://files.pythonhosted.org/packages/9a/63/b31ac951213947c48511431ef1a4aada69092158550593f7133021ba1c35/pylibjpeg_libjpeg-2.4.0-cp312-cp312-manylinux2014_x86_64.manylinux_2_17_x86_64.whl", hash = "sha256:01d950ef496476a9223e4966376cb88098fcf5c55a12a21f722d7b5f84daae43", size = 3409132, upload-time = "2026-03-07T04:51:40.284Z" },
    { url = "https://files.pythonhosted.org/packages/fb/9f/7dbcdf411baede2e67c416b761553ec38e2fe7746ebc0a30dabee87db2c8/pylibjpeg_libjpeg-2.4.0-cp312-cp312-manylinux_2_24_aarch64.manylinux_2_28_aarch64.whl", hash = "sha256:d06b851eafc08393a8cdc32490d60fef1ab7788c7a37695f3d5287f02f02eefa", size = 3300242, upload-time = "2026-03-07T04:51:41.881Z" },
    { url = "https://files.pythonhosted.org/packages/5e/7e/7525a3f4145e0d0ac1ae1a0b06899eeb550a0da893869d4e00e797711dbf/pylibjpeg_libjpeg-2.4.0-cp312-cp312-win32.whl", hash = "sha256:aae203842013261e18a9b02a8c01c06d7455744798f15f64d62730c91f8cfc2d", size = 735220, upload-time = "2026-03-07T04:51:44.34Z" },
    { url = "https://files.pythonhosted.org/packages/0b/7e/3b366fd6b342b965b802bf029c11279244bc8aa560dc861fd4f12a5b47be/pylibjpeg_libjpeg-2.4.0-cp312-cp312-win_amd64.whl", hash = "sha256:555620be7243bccd7e9ac2ad953be316e36e62cf9d4d105cc3ed6f0ef384fd24", size = 751602, upload-time = "2026-03-07T04:51:45.996Z" },
    { url = "https://files.pythonhosted.org/packages/9e/a7/68e637c7cc9d0db84249a007439040315889f5561c20233ae48cb3a0fb16/pylibjpeg_libjpeg-2.4.0-cp313-cp313-macosx_10_13_x86_64.whl", hash = "sha256:b1dc3d8dfdc6df8e8682833f7cb477bc380d7404de36d1e6a8840810c5b9f4fd", size = 638879, upload-time = "2026-03-07T04:51:47.714Z" },
    { url = "https://files.pythonhosted.org/packages/dd/be/9e8b246ac4d0306412566e06e215185cf3ab934f9ae9f98381d12f9ecd62/pylibjpeg_libjpeg-2.4.0-cp313-cp313-macosx_11_0_arm64.whl", hash = "sha256:486ac6f48db8c40ea4b5f5d81cca5df9ed2445f39c8b21a75d127a7c53b17c9c", size = 599350, upload-time = "2026-03-07T04:51:49.157Z" },
    { url = "https://files.pythonhosted.org/packages/77/00/0a07d56c596793135bc61bcace6267ad68e5a36b9dc53e9fd7f48dac865d/pylibjpeg_libjpeg-2.4.0-cp313-cp313-manylinux2014_x86_64.manylinux_2_17_x86_64.whl", hash = "sha256:d2c8da12c79d1f46596b89df94091be01f932d739613e8af93d1d557ac3bab74", size = 3403812, upload-time = "2026-03-07T04:51:50.9Z" },
    { url = "https://files.pythonhosted.org/packages/76/d1/34a7bfab2eddac9ed9f58d16319b689248db8a4d707fa5c50234add465fe/pylibjpeg_libjpeg-2.4.0-cp313-cp313-manylinux_2_24_aarch64.manylinux_2_28_aarch64.whl", hash = "sha256:f43fb5364fc28d9de21e03bdf679d0bd441b576de4c9c9577d79afb2f1aebcf9", size = 3293912, upload-time = "2026-03-07T04:51:52.534Z" },
    { url = "https://files.pythonhosted.org/packages/a3/04/73874a05749e1d5c428ed0e683c3f2077e648fec7f8612c3b12c5d5dfa5d/pylibjpeg_libjpeg-2.4.0-cp313-cp313-win32.whl", hash = "sha256:1817c9bfcc6304cac87c5cfa797d2b6c71d1f6ea756a5f75509f0aa9b69f4816", size = 735028, upload-time = "2026-03-07T04:51:54.312Z" },
    { url = "https://files.pythonhosted.org/packages/db/46/677c890f45e7c9aa439bcc21895c7d2f183707ee449f00af783cf26d910c/pylibjpeg_libjpeg-2.4.0-cp313-cp313-win_amd64.whl", hash = "sha256:cb0f2ee4eb5f9bf4cff2905f3eacd7eefda5bc8b1e82959110593781c5b52bea", size = 751538, upload-time = "2026-03-07T04:51:55.892Z" },
    { url = "https://files.pythonhosted.org/packages/a0/ed/b4fa642d1cf4d03d5847d0cb0c72be06f1df1be592024049e655c59a1d1a/pylibjpeg_libjpeg-2.4.0-cp314-cp314-macosx_10_15_x86_64.whl", hash = "sha256:4595c140958b0f9fa2ebfde234c5b4f2804fae081e787aa2043f4b354e0e51c8", size = 638957, upload-time = "2026-03-07T04:51:57.93Z" },
    { url = "https://files.pythonhosted.org/packages/42/e5/d008b9e0fb71dc12ff020d6a94c2a414d99050bce474dc51a1890c11c487/pylibjpeg_libjpeg-2.4.0-cp314-cp314-macosx_11_0_arm64.whl", hash = "sha256:afb3433e38733b2bb627be9e893f44eb5bff4eba71fe0eef746ea2b27a288956", size = 599118, upload-time = "2026-03-07T04:51:59.197Z" },
    { url = "https://files.pythonhosted.org/packages/8c/6e/cf4d044cf47fe69586d9a8e3936df53de92a609d38434f322201e192e68c/pylibjpeg_libjpeg-2.4.0-cp314-cp314-manylinux2014_x86_64.manylinux_2_17_x86_64.whl", hash = "sha256:d0a534917ff7f7243e0fefdfa4d4397b23ac9e084a5aa8dcbcf9fae8f2745ba7", size = 3402331, upload-time = "2026-03-07T04:52:00.608Z" },
    { url = "https://files.pythonhosted.org/packages/14/97/89cb2bd3e7df5ec783706c88d0f9037a8f605461321bbee2864520feea15/pylibjpeg_libjpeg-2.4.0-cp314-cp314-manylinux_2_24_aarch64.manylinux_2_28_aarch64.whl", hash = "sha256:956c0c43af1318a19375f94580d2ce8e314aaa7ab34938457db234eeb8d6b9b9", size = 3293721, upload-time = "2026-03-07T04:52:02.023Z" },
    { url = "https://files.pythonhosted.org/packages/ae/57/4a48b134f368ac11e1e464878670acd84832e5bc8b3c2e028805b54976da/pylibjpeg_libjpeg-2.4.0-cp314-cp314-win32.whl", hash = "sha256:679817baf7c2f7d6e32a89b36ee72a606c2eafd3d143117547d7f2a5d6c5de4b", size = 736798, upload-time = "2026-03-07T04:52:03.442Z" },
    { url = "https://files.pythonhosted.org/packages/70/fd/3c9ab790e2da93ea1d9303974d81d65447843bdd8210693576d2eeadc8f2/pylibjpeg_libjpeg-2.4.0-cp314-cp314-win_amd64.whl", hash = "sha256:980ed0c8e74b58082105c4dd39e5e2cae7f962c971d8d60c96eaf2735cbe973a", size = 750588, upload-time = "2026-03-07T04:52:05.042Z" },
]

[[package]]
name = "pylibjpeg-openjpeg"
version = "2.5.0"
source = { registry = "https://pypi.org/simple" }
dependencies = [
    { name = "numpy" },
]
sdist = { url = "https://files.pythonhosted.org/packages/4d/ed/f65377285d004afbae3a281d146080ff8e4d33672512a3e755d3dfc09c08/pylibjpeg_openjpeg-2.5.0.tar.gz", hash = "sha256:e0ea4d9e59820b02c8437121ae65cc28e98d9e9150f4a6967f2c3ba805e7f873", size = 2193220, upload-time = "2025-08-19T01:13:53.532Z" }
wheels = [
    { url = "https://files.pythonhosted.org/packages/21/ee/aaccbe6fc72b9ada17eba3e62ef465a5e2dc484d79020bc6b382c10c42f7/pylibjpeg_openjpeg-2.5.0-cp312-cp312-macosx_10_13_x86_64.whl", hash = "sha256:64980e714b775a981ab61cfd875db91bc73293ad1d973f8777b54b10add316b1", size = 485834, upload-time = "2025-08-19T01:13:19.917Z" },
    { url = "https://files.pythonhosted.org/packages/e6/ff/59154eb72746701e66d4b5d26be458d4176a0d702b6ad329c2c3cfb6fb9c/pylibjpeg_openjpeg-2.5.0-cp312-cp312-macosx_11_0_arm64.whl", hash = "sha256:743843ea3aac34281d5c72401cb8f2794201e8d2182994267831f86abef2af29", size = 432769, upload-time = "2025-08-19T01:13:21.149Z" },
    { url = "https://files.pythonhosted.org/packages/dc/e1/262feb87ab26a4478d6d77735a02ca0e8fff845c6d5af297d1d72cbb3eb5/pylibjpeg_openjpeg-2.5.0-cp312-cp312-manylinux2014_aarch64.manylinux_2_17_aarch64.manylinux_2_28_aarch64.whl", hash = "sha256:4f4f4ffd1aea6dac3f5a00ead4dd4335511d31c902b2c58e9da38c66120527d1", size = 1911964, upload-time = "2025-08-19T01:13:22.474Z" },
    { url = "https://files.pythonhosted.org/packages/14/58/ba5ec63dfd8a6a9f4a9d8c1d6311d4ef3e3dbe46c08cdb1b11f42859c944/pylibjpeg_openjpeg-2.5.0-cp312-cp312-manylinux2014_x86_64.manylinux_2_17_x86_64.whl", hash = "sha256:a22fcb649ba9849209d8e43dba88632445a5941f0cd6765338b3652a4c686140", size = 1966200, upload-time = "2025-08-19T01:13:23.958Z" },
    { url = "https://files.pythonhosted.org/packages/1e/ff/f4a2b60ccfa6d767f96226763ec42ea17b845faedb86166684abb796dfac/pylibjpeg_openjpeg-2.5.0-cp312-cp312-win32.whl", hash = "sha256:3c2ebe2c5a807a644e97da0217889d36b3dc14acfae6076fa3c9280c8fd7cc82", size = 300629, upload-time = "2025-08-19T01:13:25.729Z" },
    { url = "https://files.pythonhosted.org/packages/7d/d9/ad0a7d5721382e96e5f37755d7a5b4f932f2f58a272560036f96379e019a/pylibjpeg_openjpeg-2.5.0-cp312-cp312-win_amd64.whl", hash = "sha256:f1af4f0f2621381bb60f063a49004e56b859e428b94ec3a1aabcc2cf1d082dbe", size = 350584, upload-time = "2025-08-19T01:13:27.263Z" },
    { url = "https://files.pythonhosted.org/packages/2d/d7/8af2230d608f297dbca93c574474dee9e2ace37a02410abc7a7eaf537e02/pylibjpeg_openjpeg-2.5.0-cp313-cp313-macosx_10_13_x86_64.whl", hash = "sha256:bc62211da34bececc6f0c092fcce6cbe50548dff1c8a8ec0619d983fb3ab72fd", size = 485282, upload-time = "2025-08-19T01:13:28.614Z" },
    { url = "https://files.pythonhosted.org/packages/f3/80/a5906988f68dbc1923edb0938e110d890dd69a97ef593536bd4f9d64681b/pylibjpeg_openjpeg-2.5.0-cp313-cp313-macosx_11_0_arm64.whl", hash = "sha256:ba9e6098a940e1944509d991ec624c13762972a57900b01edd07a69debb11bfe", size = 432465, upload-time = "2025-08-19T01:13:29.768Z" },
    { url = "https://files.pythonhosted.org/packages/77/cf/ae6951bb29789e4ac1c4eb0a4afd097da2f055ea46bb599e1c8c63509581/pylibjpeg_openjpeg-2.5.0-cp313-cp313-manylinux2014_aarch64.manylinux_2_17_aarch64.manylinux_2_28_aarch64.whl", hash = "sha256:86381a227628595ee89da90bb7ff58a79cb7b3e5ef11c75669cb757cb39ea28d", size = 1911268, upload-time = "2025-08-19T01:13:31.207Z" },
    { url = "https://files.pythonhosted.org/packages/31/8c/2005b2f3953153a0bcde3339cb3f65546d5715418b92cc6ccd6c0613b0cd/pylibjpeg_openjpeg-2.5.0-cp313-cp313-manylinux2014_x86_64.manylinux_2_17_x86_64.whl", hash = "sha256:d7e8dd2e1d289d6d1cdc0e9b2df2021277052f72cdabe63771b0ca3ab3b6cc4b", size = 1965708, upload-time = "2025-08-19T01:13:33.141Z" },
    { url = "https://files.pythonhosted.org/packages/1e/8e/ba9b4d2f883d13d323c7dfc081c716e638ddb9a026e6819892f59d859673/pylibjpeg_openjpeg-2.5.0-cp313-cp313-win32.whl", hash = "sha256:8e8ae039f344729ff1d83fbf9ddf5ea92db9adc5ed5acda225ba95bfac386d2c", size = 300526, upload-time = "2025-08-19T01:13:34.817Z" },
    { url = "https://files.pythonhosted.org/packages/83/1a/a32da70df35af6cef2f594aa8609397adf06ac4ed737bbec8ed58421cd8d/pylibjpeg_openjpeg-2.5.0-cp313-cp313-win_amd64.whl", hash = "sha256:c25f623299b853917857738500bafa0d1315fc1a7149822a7e27f4bb64cec0a9", size = 350631, upload-time = "2025-08-19T01:13:36.089Z" },
    { url = "https://files.pythonhosted.org/packages/4a/6f/7292aa5da7b453d79e253c34e931124bdb050e3e485f61b9b29b7edcbec4/pylibjpeg_openjpeg-2.5.0-cp314-cp314-macosx_10_13_x86_64.whl", hash = "sha256:b2005420bb1d80ab307a9273fc8ce3a6a4741b3084fc335a121bb4911f3d0efb", size = 484979, upload-time = "2025-08-19T01:13:37.309Z" },
    { url = "https://files.pythonhosted.org/packages/95/a1/eb239a52e26eada0e49ac766236f7ca7401baa76d17e6d8ca7dab5b66cee/pylibjpeg_openjpeg-2.5.0-cp314-cp314-macosx_11_0_arm64.whl", hash = "sha256:b15736717ff66486c26edb3723cd66513c62d1e6162616ed5a6819c2beeef5ea", size = 432630, upload-time = "2025-08-19T01:13:38.59Z" },
    { url = "https://files.pythonhosted.org/packages/e7/e4/22b21849a8a11207e26ee256edeb7f89e0abade771a28f165a93a59add28/pylibjpeg_openjpeg-2.5.0-cp314-cp314-manylinux2014_aarch64.manylinux_2_17_aarch64.manylinux_2_28_aarch64.whl", hash = "sha256:aa9460039232945d3f21ae696dd763d14b18cfcf8b88ed70a99591b2e301b2a5", size = 1913461, upload-time = "2025-08-19T01:13:39.861Z" },
    { url = "https://files.pythonhosted.org/packages/1c/91/0686fcbde638cb3e1e5927b1b9d9f1f9c312ad5cee025888a83b84c36747/pylibjpeg_openjpeg-2.5.0-cp314-cp314-manylinux2014_x86_64.manylinux_2_17_x86_64.whl", hash = "sha256:bdfe3786c6e2d0ecada2dcbbd2b4d07eecf7a91699b9f2c1bd49a1bd74a6ef5e", size = 1962813, upload-time = "2025-08-19T01:13:41.173Z" },
    { url = "https://files.pythonhosted.org/packages/84/b3/33188ab5d5621e0f8de9e7403938f0603feb1157b83d681ff6f6ec51ae52/pylibjpeg_openjpeg-2.5.0-cp314-cp314-win32.whl", hash = "sha256:468d321a3573cf3ff4805bc3579eb4f4265288f95c307debeb4003098c07eb07", size = 309195, upload-time = "2025-08-19T01:13:42.805Z" },
    { url = "https://files.pythonhosted.org/packages/cb/8a/df1beeefc4d7eff22ef01a3ff5ad299ac9a5161fa7d3e194c0235df374c1/pylibjpeg_openjpeg-2.5.0-cp314-cp314-win_amd64.whl", hash = "sha256:29acaec90ba74b025df9eddd836eee06f31b0e20334759d07e8ca771e50b27ef", size = 361282, upload-time = "2025-08-19T01:13:44.074Z" },
]

[[package]]
name = "pylibjpeg-rle"
version = "2.2.0"
source = { registry = "https://pypi.org/simple" }
dependencies = [
    { name = "numpy" },
]
sdist = { url = "https://files.pythonhosted.org/packages/65/30/d5b334bd0038a9def052398ef588b5e99d7ed274ef513bb2ab041ad18f91/pylibjpeg_rle-2.2.0.tar.gz", hash = "sha256:1a37353afbdd6f67aa3c2007879fff8ca30a98552cab7ed7f2aa00725ea4bb27", size = 29072, upload-time = "2025-09-07T23:21:47.504Z" }
wheels = [
    { url = "https://files.pythonhosted.org/packages/92/08/a098a5e12520fd2d3d59ca592732a93c131d6adba0affe15e0b83e2855c1/pylibjpeg_rle-2.2.0-cp312-cp312-macosx_10_13_x86_64.whl", hash = "sha256:d00e78fdc4f70e2123918207ca0af1fd17fb088b819c25747912c2b01460bbcc", size = 249616, upload-time = "2025-09-07T23:21:23.899Z" },
    { url = "https://files.pythonhosted.org/packages/99/55/ee870489c4f1dba428a5fa4d969d5dc8b2cc16ece8ed347744bbc8ebb4da/pylibjpeg_rle-2.2.0-cp312-cp312-macosx_11_0_arm64.whl", hash = "sha256:1a945db095aedfc6f9293968549d751e33b8255405eca5fd3a5eab3c21adc820", size = 241600, upload-time = "2025-09-07T23:21:25.435Z" },
    { url = "https://files.pythonhosted.org/packages/da/d2/4d49d9df67d4d4d240d9fc26c16764ee8e5bb9ef1ca678785cfaf8f4e2d3/pylibjpeg_rle-2.2.0-cp312-cp312-manylinux2014_x86_64.manylinux_2_17_x86_64.whl", hash = "sha256:1efa710f773d5d1e6420568d4fcc3c00fc8bb8147f9c6ef9f032483eb625d6f5", size = 272308, upload-time = "2025-09-07T23:21:26.591Z" },
    { url = "https://files.pythonhosted.org/packages/f1/4e/d0d3fb656b0938572d27dbf553fba96af98cf5416f8b28658bba4512cf9d/pylibjpeg_rle-2.2.0-cp312-cp312-manylinux_2_28_aarch64.whl", hash = "sha256:1c3982a48bb0fdbd37828b861730903f3ffcce87115fb267cd1a3e0e906aac35", size = 270218, upload-time = "2025-09-07T23:21:28.057Z" },
    { url = "https://files.pythonhosted.org/packages/7d/e2/cc8e620396088332e5a3dd5b3e8328bfe19bd0455636da8a06599aa8b231/pylibjpeg_rle-2.2.0-cp312-cp312-win32.whl", hash = "sha256:75528d2c545dbc516976fc5fb56d66a206b72319a739cd2e99d74051e8ea503a", size = 134988, upload-time = "2025-09-07T23:21:29.225Z" },
    { url = "https://files.pythonhosted.org/packages/1c/fe/dcdcf54846b7d5c4fd8f5471e686c9e36cc729023eafb4addc8ffe4a68c8/pylibjpeg_rle-2.2.0-cp312-cp312-win_amd64.whl", hash = "sha256:f6002b44b14ebfa2df6bde6598bef95d31a76a839f511df5a52027e5785bcc5e", size = 140675, upload-time = "2025-09-07T23:21:30.625Z" },
    { url = "https://files.pythonhosted.org/packages/e8/51/681c58a7c4600ca1a0aca89f37627adc794f0bf22d5caa428064efd401fa/pylibjpeg_rle-2.2.0-cp313-cp313-macosx_10_13_x86_64.whl", hash = "sha256:175a603cf0424a0323f971e50fe34658dee2b55e5ba2cd4c05b8233762bffa9e", size = 249904, upload-time = "2025-09-07T23:21:31.815Z" },
    { url = "https://files.pythonhosted.org/packages/ce/58/0074614fce005fef49bf0f3179b2742fed6d0d00498ac59158e7fd1551b1/pylibjpeg_rle-2.2.0-cp313-cp313-macosx_11_0_arm64.whl", hash = "sha256:6e09a8a094fa396b25282f113592371d3b9f2c223de2c13069b7621fb707f9fb", size = 241742, upload-time = "2025-09-07T23:21:33.081Z" },
    { url = "https://files.pythonhosted.org/packages/d1/2c/decd2b9b8747cd70d407f3bd9f94ea05f025620e02a74baaee9f2be87b0d/pylibjpeg_rle-2.2.0-cp313-cp313-manylinux2014_x86_64.manylinux_2_17_x86_64.whl", hash = "sha256:3ed4a5bd0e95266609c66773f01d0c1f769297f0f1a734cfeddb3e5da2a31259", size = 272687, upload-time = "2025-09-07T23:21:34.251Z" },
    { url = "https://files.pythonhosted.org/packages/1f/dc/e2bb31b6760dd2bd27474e594b18719870d0849268493d9652664ced49f7/pylibjpeg_rle-2.2.0-cp313-cp313-manylinux_2_28_aarch64.whl", hash = "sha256:b608b5df84b6b60c9b1b21fa0a4c2f49094d34eb68386d040fbb23ddb769ffb4", size = 270593, upload-time = "2025-09-07T23:21:35.519Z" },
    { url = "https://files.pythonhosted.org/packages/95/cf/1ec283fe78921c333d966f12af7218f08cbd66f35250e6fe93f511fa1ac4/pylibjpeg_rle-2.2.0-cp313-cp313-win32.whl", hash = "sha256:f6901768e0c80f6ed805467a65f535eab941d261d34d2bc787b44b4101130e16", size = 135178, upload-time = "2025-09-07T23:21:36.754Z" },
    { url = "https://files.pythonhosted.org/packages/28/05/ed075b9ba7c0bf942dc5794278382379f9b1ea39616af0a9b7711d63ebf8/pylibjpeg_rle-2.2.0-cp313-cp313-win_amd64.whl", hash = "sha256:0664634915a50967165df569e31f44e6dbbc2390164dea02b556254c352e9ab0", size = 140865, upload-time = "2025-09-07T23:21:38.429Z" },
    { url = "https://files.pythonhosted.org/packages/9a/61/1f7cc2d0accc66cf6c5b7e30f32b194f20d1ab78a1ec9e969668559aacf3/pylibjpeg_rle-2.2.0-cp314-cp314-macosx_10_13_x86_64.whl", hash = "sha256:a62027a6e4dffc944010fa7799c788146fd07087db13fd40a86857de4aa4f0c6", size = 249371, upload-time = "2025-09-07T23:21:39.892Z" },
    { url = "https://files.pythonhosted.org/packages/ef/ac/22c57146eb46fe1dc290d29b7c46b9ffb8c1860a6f928264a993d0e08d65/pylibjpeg_rle-2.2.0-cp314-cp314-macosx_11_0_arm64.whl", hash = "sha256:35a992d3b2145733068f94a85297dbbc0ff1645f59142e3a004259de7007feda", size = 241217, upload-time = "2025-09-07T23:21:41.401Z" },
    { url = "https://files.pythonhosted.org/packages/b4/e3/fe3d7d374137cae072f83428557a7f8cc3017d4497748d07ab88f6bb35f8/pylibjpeg_rle-2.2.0-cp314-cp314-manylinux2014_x86_64.manylinux_2_17_x86_64.whl", hash = "sha256:408c1138232368643040494aae9e4dd503631bb8c9f04336c95b511ae1006d17", size = 272460, upload-time = "2025-09-07T23:21:42.548Z" },
    { url = "https://files.pythonhosted.org/packages/90/7c/fa4b488dee45433e06a1e97d54486c1ff8bd8d1561996f6f16e0b5a357d6/pylibjpeg_rle-2.2.0-cp314-cp314-manylinux_2_28_aarch64.whl", hash = "sha256:bc5aefa9740a931ea0156ab28eab23ffffd3e95d71af04df8339ff584c091ced", size = 270590, upload-time = "2025-09-07T23:21:43.827Z" },
    { url = "https://files.pythonhosted.org/packages/2f/aa/31d4149df07fdc9c83647d3de89104aa45393c957788f85617dd8c9c433f/pylibjpeg_rle-2.2.0-cp314-cp314-win32.whl", hash = "sha256:1564ef6c725c5a85b93d5ca835172d4d8f2380818dd5f46aea8735722a8f6d19", size = 135326, upload-time = "2025-09-07T23:21:45.031Z" },
    { url = "https://files.pythonhosted.org/packages/b2/ae/a30af1a34d2222fac58dba41a3695c2aa1fd213d03e2552469490413c77b/pylibjpeg_rle-2.2.0-cp314-cp314-win_amd64.whl", hash = "sha256:7b12c7bcefe49bd19f6d827cdcd7b13d4779c77bbf1525ede083facf2ca5dafa", size = 140995, upload-time = "2025-09-07T23:21:46.111Z" },
]
